
Microsoft Visual Studio Solution File, Format Version 12.00
# Visual Studio Version 16
VisualStudioVersion = 16.0.30907.101
MinimumVisualStudioVersion = 10.0.40219.1
Project("{2150E333-8FDC-42A3-9474-1A3956D46DE8}") = "src", "src", "{4CC1EF55-1080-4BD1-A191-1D4E48C138EC}"
EndProject
Project("{FAE04EC0-301F-11D3-BF4B-00C04F79EFBC}") = "DiagnosticsService", "src\DiagnosticsService\DiagnosticsService.csproj", "{56AFAC1D-4302-415E-B12A-5EE94F831EFA}"
EndProject
Global
	GlobalSection(SolutionConfigurationPlatforms) = preSolution
		Debug|Any CPU = Debug|Any CPU
		Release|Any CPU = Release|Any CPU
	EndGlobalSection
	GlobalSection(ProjectConfigurationPlatforms) = postSolution
		{56AFAC1D-4302-415E-B12A-5EE94F831EFA}.Debug|Any CPU.ActiveCfg = Debug|Any CPU
		{56AFAC1D-4302-415E-B12A-5EE94F831EFA}.Debug|Any CPU.Build.0 = Debug|Any CPU
		{56AFAC1D-4302-415E-B12A-5EE94F831EFA}.Release|Any CPU.ActiveCfg = Release|Any CPU
		{56AFAC1D-4302-415E-B12A-5EE94F831EFA}.Release|Any CPU.Build.0 = Release|Any CPU
	EndGlobalSection
	GlobalSection(SolutionProperties) = preSolution
		HideSolutionNode = FALSE
	EndGlobalSection
	GlobalSection(NestedProjects) = preSolution
		{56AFAC1D-4302-415E-B12A-5EE94F831EFA} = {4CC1EF55-1080-4BD1-A191-1D4E48C138EC}
	EndGlobalSection
	GlobalSection(ExtensibilityGlobals) = postSolution
		SolutionGuid = {685E889D-B808-4FEA-9E1F-7E5F69B5608E}
	EndGlobalSection
EndGlobal
